
Microsoft Visual Studio Solution File, Format Version 12.00
# Visual Studio 15
VisualStudioVersion = 15.0.27130.2010
MinimumVisualStudioVersion = 10.0.40219.1
Project("{FAE04EC0-301F-11D3-BF4B-00C04F79EFBC}") = "DI.P2P", "DI.P2P\DI.P2P.csproj", "{B6DF2CD3-46ED-4DE8-BCCF-A4C9413E986A}"
EndProject
Project("{FAE04EC0-301F-11D3-BF4B-00C04F79EFBC}") = "DI.P2P.Console", "DI.P2P.Console\DI.P2P.Console.csproj", "{6AA33EC7-FE18-4860-9A10-4D3A6D6AC3C2}"
EndProject
Global
	GlobalSection(SolutionConfigurationPlatforms) = preSolution
		Debug|Any CPU = Debug|Any CPU
		Release|Any CPU = Release|Any CPU
	EndGlobalSection
	GlobalSection(ProjectConfigurationPlatforms) = postSolution
		{B6DF2CD3-46ED-4DE8-BCCF-A4C9413E986A}.Debug|Any CPU.ActiveCfg = Debug|Any CPU
		{B6DF2CD3-46ED-4DE8-BCCF-A4C9413E986A}.Debug|Any CPU.Build.0 = Debug|Any CPU
		{B6DF2CD3-46ED-4DE8-BCCF-A4C9413E986A}.Release|Any CPU.ActiveCfg = Release|Any CPU
		{B6DF2CD3-46ED-4DE8-BCCF-A4C9413E986A}.Release|Any CPU.Build.0 = Release|Any CPU
		{6AA33EC7-FE18-4860-9A10-4D3A6D6AC3C2}.Debug|Any CPU.ActiveCfg = Debug|Any CPU
		{6AA33EC7-FE18-4860-9A10-4D3A6D6AC3C2}.Debug|Any CPU.Build.0 = Debug|Any CPU
		{6AA33EC7-FE18-4860-9A10-4D3A6D6AC3C2}.Release|Any CPU.ActiveCfg = Release|Any CPU
		{6AA33EC7-FE18-4860-9A10-4D3A6D6AC3C2}.Release|Any CPU.Build.0 = Release|Any CPU
	EndGlobalSection
	GlobalSection(SolutionProperties) = preSolution
		HideSolutionNode = FALSE
	EndGlobalSection
	GlobalSection(ExtensibilityGlobals) = postSolution
		SolutionGuid = {9BBE1C75-621F-42B7-A34C-709DF2A0EF57}
	EndGlobalSection
EndGlobal
